
Microsoft Visual Studio Solution File, Format Version 12.00
# Visual Studio Version 17
VisualStudioVersion = 17.5.33627.172
MinimumVisualStudioVersion = 10.0.40219.1
Project("{9A19103F-16F7-4668-BE54-9A1E7A4F7556}") = "PallyConCpixClientSample", "PallyConCpixClientSample\PallyConCpixClientSample.csproj", "{8082B59F-49E9-4115-97C8-04B57E6B803C}"
EndProject
Project("{8BC9CEB8-8B4A-11D0-8D11-00A0C91BC942}") = "PallyConCpixClientWrapper", "PallyConCpixClientWrapper\PallyConCpixClientWrapper.vcxproj", "{3A3E00DB-8D96-4C7F-81D1-D4C278399927}"
EndProject
Global
	GlobalSection(SolutionConfigurationPlatforms) = preSolution
		Debug|x64 = Debug|x64
		Debug|x86 = Debug|x86
		Release|x64 = Release|x64
		Release|x86 = Release|x86
	EndGlobalSection
	GlobalSection(ProjectConfigurationPlatforms) = postSolution
		{8082B59F-49E9-4115-97C8-04B57E6B803C}.Debug|x64.ActiveCfg = Debug|x64
		{8082B59F-49E9-4115-97C8-04B57E6B803C}.Debug|x64.Build.0 = Debug|x64
		{8082B59F-49E9-4115-97C8-04B57E6B803C}.Debug|x86.ActiveCfg = Debug|x86
		{8082B59F-49E9-4115-97C8-04B57E6B803C}.Debug|x86.Build.0 = Debug|x86
		{8082B59F-49E9-4115-97C8-04B57E6B803C}.Release|x64.ActiveCfg = Release|x64
		{8082B59F-49E9-4115-97C8-04B57E6B803C}.Release|x64.Build.0 = Release|x64
		{8082B59F-49E9-4115-97C8-04B57E6B803C}.Release|x86.ActiveCfg = Release|x86
		{8082B59F-49E9-4115-97C8-04B57E6B803C}.Release|x86.Build.0 = Release|x86
		{3A3E00DB-8D96-4C7F-81D1-D4C278399927}.Debug|x64.ActiveCfg = Debug|x64
		{3A3E00DB-8D96-4C7F-81D1-D4C278399927}.Debug|x64.Build.0 = Debug|x64
		{3A3E00DB-8D96-4C7F-81D1-D4C278399927}.Debug|x86.ActiveCfg = Debug|Win32
		{3A3E00DB-8D96-4C7F-81D1-D4C278399927}.Debug|x86.Build.0 = Debug|Win32
		{3A3E00DB-8D96-4C7F-81D1-D4C278399927}.Release|x64.ActiveCfg = Release|x64
		{3A3E00DB-8D96-4C7F-81D1-D4C278399927}.Release|x64.Build.0 = Release|x64
		{3A3E00DB-8D96-4C7F-81D1-D4C278399927}.Release|x86.ActiveCfg = Release|Win32
		{3A3E00DB-8D96-4C7F-81D1-D4C278399927}.Release|x86.Build.0 = Release|Win32
	EndGlobalSection
	GlobalSection(SolutionProperties) = preSolution
		HideSolutionNode = FALSE
	EndGlobalSection
	GlobalSection(ExtensibilityGlobals) = postSolution
		SolutionGuid = {851C5482-1038-421F-9A5C-2D9DAE799E6B}
	EndGlobalSection
EndGlobal
